{
  "requires": true,
  "lockfileVersion": 1,
  "dependencies": {
    "@angular/animations": {
      "version": "6.1.1",
      "resolved": "https://registry.npmjs.org/@angular/animations/-/animations-6.1.1.tgz",
      "integrity": "sha512-6o15ZtoTWlvZgu/qTz2xj25A1ZRr+BGRHxkhQDZ4hADEIUyYi96dVQxkUttXTtmACRAhK4oXkL7xleVm5iN6ow==",
      "requires": {
        "tslib": "^1.9.0"
      }
    },
    "@angular/cdk": {
      "version": "6.4.2",
      "resolved": "https://registry.npmjs.org/@angular/cdk/-/cdk-6.4.2.tgz",
      "integrity": "sha512-YnmveHuUwg91+l6Y2kC+KAS37HHpeooy5UjcvXm42dUQ+7Bqr0qxnvBxF8RiQ0p0RrXqsbUCSWD7M2FmGS+rcg==",
      "requires": {
        "tslib": "^1.7.1"
      }
    },
    "@angular/common": {
      "version": "6.1.1",
      "resolved": "https://registry.npmjs.org/@angular/common/-/common-6.1.1.tgz",
      "integrity": "sha512-mrMG0Q+BUPuiez3RKWkrMCv3r/9iJl1DoTLhLNsgWvpj0IRGcARUyJgmTZqVVVCeacjFQEM+DopbVQ7AjQCkoA==",
      "requires": {
        "tslib": "^1.9.0"
      }
    },
    "@angular/core": {
      "version": "6.1.1",
      "resolved": "https://registry.npmjs.org/@angular/core/-/core-6.1.1.tgz",
      "integrity": "sha512-4h/8abB4N5meQHg69IV1wtNKUKe8e0w9z9s/0ZYbvFPVqWB9OkcSihsS2xmfSD3glIgSgS5424/jmiTB9G0Tcw==",
      "requires": {
        "tslib": "^1.9.0"
      }
    },
    "@angular/forms": {
      "version": "6.1.1",
      "resolved": "https://registry.npmjs.org/@angular/forms/-/forms-6.1.1.tgz",
      "integrity": "sha512-NiEMJN0INoK6khjS+YJAqt3FS2nXy3JH4J10m55e2gwzldHrsU94bWUDEOEMbPfm7dFC8G1114p/MneleoXTvg==",
      "requires": {
        "tslib": "^1.9.0"
      }
    },
    "@angular/material": {
      "version": "6.4.2",
      "resolved": "https://registry.npmjs.org/@angular/material/-/material-6.4.2.tgz",
      "integrity": "sha512-tioDU/6dum0XwV4H29M20JGL6lecdJijD2X3PY0s1bh8Av50FdL0CDG6d19vVZHWyQzwKHav5ljHU1EVduWhow==",
      "requires": {
        "parse5": "^5.0.0",
        "tslib": "^1.7.1"
      }
    },
    "@angular/platform-browser": {
      "version": "6.1.1",
      "resolved": "https://registry.npmjs.org/@angular/platform-browser/-/platform-browser-6.1.1.tgz",
      "integrity": "sha512-YgFP6NQgk7ZkKKfywmLC3wBZuepYLttjIvzWhbvutJpRahAw1qDQaeCXdv75DU4U8fqHDKkllZS/kIdkc3cxQw==",
      "requires": {
        "tslib": "^1.9.0"
      }
    },
    "hammerjs": {
      "version": "2.0.8",
      "resolved": "https://registry.npmjs.org/hammerjs/-/hammerjs-2.0.8.tgz",
      "integrity": "sha1-BO93hiz/K7edMPdpIJWTAiK/YPE="
    },
    "ngx-cookie": {
      "version": "4.0.2",
      "resolved": "https://registry.npmjs.org/ngx-cookie/-/ngx-cookie-4.0.2.tgz",
      "integrity": "sha512-YCak+Itql8EDkMfr9lzCNd2wEeV+uflbv2V1mi9LCzUyFcO+W53S/BbuZS5r9M8MZzUiBl4AmpEDEKYiXrb3Sw==",
      "requires": {
        "tslib": "^1.9.0"
      }
    },
    "parse5": {
      "version": "5.0.0",
      "resolved": "https://registry.npmjs.org/parse5/-/parse5-5.0.0.tgz",
      "integrity": "sha512-0ywuiUOnpWWeil5grH2rxjyTJoeQVwyBuO2si6QIU9dWtj2npjuyK1HaY1RbLnVfDhEbhyAPNUBKRK0Xj2xE0w=="
    },
    "rxjs": {
      "version": "6.2.2",
      "resolved": "https://registry.npmjs.org/rxjs/-/rxjs-6.2.2.tgz",
      "integrity": "sha512-0MI8+mkKAXZUF9vMrEoPnaoHkfzBPP4IGwUYRJhIRJF6/w3uByO1e91bEHn8zd43RdkTMKiooYKmwz7RH6zfOQ==",
      "requires": {
        "tslib": "^1.9.0"
      }
    },
    "sl-blip": {
      "version": "http://blip.strongloop.com/zone@0.3.4",
      "integrity": "sha512-P2cdwVJOm4tOcyrc1yKyVAPIerlAcmXmbim6Y8dN8QYgUjQLVVVFPRgTngcJxCBBota6LoTqZhg5udz9mukGeA=="
    },
    "tslib": {
      "version": "1.9.3",
      "resolved": "https://registry.npmjs.org/tslib/-/tslib-1.9.3.tgz",
      "integrity": "sha512-4krF8scpejhaOgqzBEcGM7yDIEfi0/8+8zDRZhNZZ2kjmHJ4hv3zCbQWxoJGz1iw5U0Jl0nma13xzHXcncMavQ=="
    },
    "zone": {
      "version": "0.3.4",
      "resolved": "https://registry.npmjs.org/zone/-/zone-0.3.4.tgz",
      "integrity": "sha1-XshPKNHiYftrLpoDHMrOZOnH3ec=",
      "requires": {
        "sl-blip": "http://blip.strongloop.com/zone@0.3.4"
      }
    },
    "zone.js": {
      "version": "0.8.26",
      "resolved": "https://registry.npmjs.org/zone.js/-/zone.js-0.8.26.tgz",
      "integrity": "sha512-W9Nj+UmBJG251wkCacIkETgra4QgBo/vgoEkb4a2uoLzpQG7qF9nzwoLXWU5xj3Fg2mxGvEDh47mg24vXccYjA=="
    }
  }
}
